
Microsoft Visual Studio Solution File, Format Version 12.00
# Visual Studio Version 16
VisualStudioVersion = 16.0.31424.327
MinimumVisualStudioVersion = 10.0.40219.1
Project("{9A19103F-16F7-4668-BE54-9A1E7A4F7556}") = "KampIntro", "KampIntro\KampIntro.csproj", "{BBFD3A13-8352-48E7-BDA9-0607D88E8C79}"
EndProject
Project("{9A19103F-16F7-4668-BE54-9A1E7A4F7556}") = "Methods", "Methods\Methods.csproj", "{29DE315D-55CB-480A-971D-07717F5AA6B9}"
EndProject
Project("{9A19103F-16F7-4668-BE54-9A1E7A4F7556}") = "ClassIntro", "ClassIntro\ClassIntro.csproj", "{A3780B08-D584-4AEC-9677-51F81098C2DB}"
EndProject
Project("{9A19103F-16F7-4668-BE54-9A1E7A4F7556}") = "Donguler", "Donguler\Donguler.csproj", "{13BB1496-C656-4C87-AB97-5456CF47F393}"
EndProject
Project("{9A19103F-16F7-4668-BE54-9A1E7A4F7556}") = "Matematik", "Matematik\Matematik.csproj", "{B44F6722-F771-4703-9B6E-27631E4DC845}"
EndProject
Project("{9A19103F-16F7-4668-BE54-9A1E7A4F7556}") = "DegerVeReferansTipler", "DegerVeReferansTipler\DegerVeReferansTipler.csproj", "{A5B634ED-0B7C-40C7-B012-E87EFA2211BD}"
EndProject
Project("{FAE04EC0-301F-11D3-BF4B-00C04F79EFBC}") = "OOP1", "OOP1\OOP1.csproj", "{80ADEC97-6B3B-4C43-9C16-FB36D00F7D93}"
EndProject
Project("{FAE04EC0-301F-11D3-BF4B-00C04F79EFBC}") = "Collections", "Collections\Collections.csproj", "{88D96EB3-B2CE-4DBD-B7AF-4E0DB6D20CD1}"
EndProject
Project("{FAE04EC0-301F-11D3-BF4B-00C04F79EFBC}") = "GenericsIntro", "GenericsIntro\GenericsIntro.csproj", "{4A743597-6B3B-4BC4-B77B-16B422D2566B}"
EndProject
Global
	GlobalSection(SolutionConfigurationPlatforms) = preSolution
		Debug|Any CPU = Debug|Any CPU
		Release|Any CPU = Release|Any CPU
	EndGlobalSection
	GlobalSection(ProjectConfigurationPlatforms) = postSolution
		{BBFD3A13-8352-48E7-BDA9-0607D88E8C79}.Debug|Any CPU.ActiveCfg = Debug|Any CPU
		{BBFD3A13-8352-48E7-BDA9-0607D88E8C79}.Debug|Any CPU.Build.0 = Debug|Any CPU
		{BBFD3A13-8352-48E7-BDA9-0607D88E8C79}.Release|Any CPU.ActiveCfg = Release|Any CPU
		{BBFD3A13-8352-48E7-BDA9-0607D88E8C79}.Release|Any CPU.Build.0 = Release|Any CPU
		{29DE315D-55CB-480A-971D-07717F5AA6B9}.Debug|Any CPU.ActiveCfg = Debug|Any CPU
		{29DE315D-55CB-480A-971D-07717F5AA6B9}.Debug|Any CPU.Build.0 = Debug|Any CPU
		{29DE315D-55CB-480A-971D-07717F5AA6B9}.Release|Any CPU.ActiveCfg = Release|Any CPU
		{29DE315D-55CB-480A-971D-07717F5AA6B9}.Release|Any CPU.Build.0 = Release|Any CPU
		{A3780B08-D584-4AEC-9677-51F81098C2DB}.Debug|Any CPU.ActiveCfg = Debug|Any CPU
		{A3780B08-D584-4AEC-9677-51F81098C2DB}.Debug|Any CPU.Build.0 = Debug|Any CPU
		{A3780B08-D584-4AEC-9677-51F81098C2DB}.Release|Any CPU.ActiveCfg = Release|Any CPU
		{A3780B08-D584-4AEC-9677-51F81098C2DB}.Release|Any CPU.Build.0 = Release|Any CPU
		{13BB1496-C656-4C87-AB97-5456CF47F393}.Debug|Any CPU.ActiveCfg = Debug|Any CPU
		{13BB1496-C656-4C87-AB97-5456CF47F393}.Debug|Any CPU.Build.0 = Debug|Any CPU
		{13BB1496-C656-4C87-AB97-5456CF47F393}.Release|Any CPU.ActiveCfg = Release|Any CPU
		{13BB1496-C656-4C87-AB97-5456CF47F393}.Release|Any CPU.Build.0 = Release|Any CPU
		{B44F6722-F771-4703-9B6E-27631E4DC845}.Debug|Any CPU.ActiveCfg = Debug|Any CPU
		{B44F6722-F771-4703-9B6E-27631E4DC845}.Debug|Any CPU.Build.0 = Debug|Any CPU
		{B44F6722-F771-4703-9B6E-27631E4DC845}.Release|Any CPU.ActiveCfg = Release|Any CPU
		{B44F6722-F771-4703-9B6E-27631E4DC845}.Release|Any CPU.Build.0 = Release|Any CPU
		{A5B634ED-0B7C-40C7-B012-E87EFA2211BD}.Debug|Any CPU.ActiveCfg = Debug|Any CPU
		{A5B634ED-0B7C-40C7-B012-E87EFA2211BD}.Debug|Any CPU.Build.0 = Debug|Any CPU
		{A5B634ED-0B7C-40C7-B012-E87EFA2211BD}.Release|Any CPU.ActiveCfg = Release|Any CPU
		{A5B634ED-0B7C-40C7-B012-E87EFA2211BD}.Release|Any CPU.Build.0 = Release|Any CPU
		{80ADEC97-6B3B-4C43-9C16-FB36D00F7D93}.Debug|Any CPU.ActiveCfg = Debug|Any CPU
		{80ADEC97-6B3B-4C43-9C16-FB36D00F7D93}.Debug|Any CPU.Build.0 = Debug|Any CPU
		{80ADEC97-6B3B-4C43-9C16-FB36D00F7D93}.Release|Any CPU.ActiveCfg = Release|Any CPU
		{80ADEC97-6B3B-4C43-9C16-FB36D00F7D93}.Release|Any CPU.Build.0 = Release|Any CPU
		{88D96EB3-B2CE-4DBD-B7AF-4E0DB6D20CD1}.Debug|Any CPU.ActiveCfg = Debug|Any CPU
		{88D96EB3-B2CE-4DBD-B7AF-4E0DB6D20CD1}.Debug|Any CPU.Build.0 = Debug|Any CPU
		{88D96EB3-B2CE-4DBD-B7AF-4E0DB6D20CD1}.Release|Any CPU.ActiveCfg = Release|Any CPU
		{88D96EB3-B2CE-4DBD-B7AF-4E0DB6D20CD1}.Release|Any CPU.Build.0 = Release|Any CPU
		{4A743597-6B3B-4BC4-B77B-16B422D2566B}.Debug|Any CPU.ActiveCfg = Debug|Any CPU
		{4A743597-6B3B-4BC4-B77B-16B422D2566B}.Debug|Any CPU.Build.0 = Debug|Any CPU
		{4A743597-6B3B-4BC4-B77B-16B422D2566B}.Release|Any CPU.ActiveCfg = Release|Any CPU
		{4A743597-6B3B-4BC4-B77B-16B422D2566B}.Release|Any CPU.Build.0 = Release|Any CPU
	EndGlobalSection
	GlobalSection(SolutionProperties) = preSolution
		HideSolutionNode = FALSE
	EndGlobalSection
	GlobalSection(ExtensibilityGlobals) = postSolution
		SolutionGuid = {CBDE0CCD-2193-4142-86A4-2F87D86CA352}
	EndGlobalSection
EndGlobal
